
Microsoft Visual Studio Solution File, Format Version 12.00
# Visual Studio Version 17
VisualStudioVersion = 17.14.36401.2 d17.14
MinimumVisualStudioVersion = 10.0.40219.1
Project("{FAE04EC0-301F-11D3-BF4B-00C04F79EFBC}") = "WzMVVM", "WzMVVM\WzMVVM.csproj", "{51DE3480-3AC3-461D-B1BB-738E9B02D6A4}"
EndProject
Global
	GlobalSection(SolutionConfigurationPlatforms) = preSolution
		Debug|Any CPU = Debug|Any CPU
		Release|Any CPU = Release|Any CPU
	EndGlobalSection
	GlobalSection(ProjectConfigurationPlatforms) = postSolution
		{51DE3480-3AC3-461D-B1BB-738E9B02D6A4}.Debug|Any CPU.ActiveCfg = Debug|Any CPU
		{51DE3480-3AC3-461D-B1BB-738E9B02D6A4}.Debug|Any CPU.Build.0 = Debug|Any CPU
		{51DE3480-3AC3-461D-B1BB-738E9B02D6A4}.Release|Any CPU.ActiveCfg = Release|Any CPU
		{51DE3480-3AC3-461D-B1BB-738E9B02D6A4}.Release|Any CPU.Build.0 = Release|Any CPU
	EndGlobalSection
	GlobalSection(SolutionProperties) = preSolution
		HideSolutionNode = FALSE
	EndGlobalSection
	GlobalSection(ExtensibilityGlobals) = postSolution
		SolutionGuid = {027D8C84-770C-4BF8-9B36-37755ABDEE6D}
	EndGlobalSection
EndGlobal
